<?xml version="1.0" encoding="utf-8"?>
<Project ToolsVersion="4.0" xmlns="http://schemas.microsoft.com/developer/msbuild/2003">
  <ItemGroup>
    <Filter Include="Resource Files">
      <UniqueIdentifier>{67DA6AB6-F800-4c08-8B7A-83BB121AAD01}</UniqueIdentifier>
      <Extensions>rc;ico;cur;bmp;dlg;rc2;rct;bin;rgs;gif;jpg;jpeg;jpe;resx;tiff;tif;png;wav;mfcribbon-ms</Extensions>
    </Filter>
    <Filter Include="Game">
      <UniqueIdentifier>{c46f2184-401c-48ff-a75e-3ccc6cfcf3b5}</UniqueIdentifier>
    </Filter>
    <Filter Include="Core">
      <UniqueIdentifier>{54824b64-ab49-4987-83c7-769e2d6882c8}</UniqueIdentifier>
    </Filter>
    <Filter Include="Core\Log">
      <UniqueIdentifier>{fb10a2c5-6f8a-488f-961e-a308c8f940b8}</UniqueIdentifier>
    </Filter>
    <Filter Include="Core\Utils">
      <UniqueIdentifier>{03c9c5f5-67d7-48da-ae2b-341d3e5e0c62}</UniqueIdentifier>
    </Filter>
    <Filter Include="tinyxml2">
      <UniqueIdentifier>{10f71bef-9e35-40f0-8fb6-dfdaff88d525}</UniqueIdentifier>
    </Filter>
    <Filter Include="Core\Math">
      <UniqueIdentifier>{b79daf02-9137-442d-8191-ee971e5f3185}</UniqueIdentifier>
    </Filter>
    <Filter Include="Game\Commands">
      <UniqueIdentifier>{d0e0dd04-3bed-4b48-8c48-7e21c2f26f9f}</UniqueIdentifier>
    </Filter>
    <Filter Include="Game\Console">
      <UniqueIdentifier>{1d8d7a4c-745c-4173-8101-06d3bfa6888c}</UniqueIdentifier>
    </Filter>
    <Filter Include="Game\Map">
      <UniqueIdentifier>{5b0b7334-af16-4ae0-b4e8-d4ae3b78ec82}</UniqueIdentifier>
    </Filter>
    <Filter Include="Game\Elements">
      <UniqueIdentifier>{de05ae0e-a9d3-402e-bffc-5053fa5a9331}</UniqueIdentifier>
    </Filter>
    <Filter Include="Game\Layers">
      <UniqueIdentifier>{d0e18354-3475-4445-95f4-4c95f8bae7e1}</UniqueIdentifier>
    </Filter>
    <Filter Include="Game\EventListeners">
      <UniqueIdentifier>{bc69db9f-d564-46d7-83df-102b5f4259b1}</UniqueIdentifier>
    </Filter>
  </ItemGroup>
  <ItemGroup>
    <ClCompile Include="Game\main.cpp">
      <Filter>Game</Filter>
    </ClCompile>
    <ClCompile Include="Core\Engine.cpp">
      <Filter>Core</Filter>
    </ClCompile>
    <ClCompile Include="Core\Log\LogLevel.cpp">
      <Filter>Core\Log</Filter>
    </ClCompile>
    <ClCompile Include="Core\Log\Log.cpp">
      <Filter>Core\Log</Filter>
    </ClCompile>
    <ClCompile Include="Core\Utils\OperatingSystem.cpp">
      <Filter>Core\Utils</Filter>
    </ClCompile>
    <ClCompile Include="Game\Configuration.cpp">
      <Filter>Game</Filter>
    </ClCompile>
    <ClCompile Include="Core\Log\LoggerFactory.cpp">
      <Filter>Core\Log</Filter>
    </ClCompile>
    <ClCompile Include="Core\Utils\StringUtils.cpp">
      <Filter>Core\Utils</Filter>
    </ClCompile>
    <ClCompile Include="Core\MainLoop.cpp">
      <Filter>Core</Filter>
    </ClCompile>
    <ClCompile Include="Core\ScreenComponent.cpp">
      <Filter>Core</Filter>
    </ClCompile>
    <ClCompile Include="Core\CommandQueue.cpp">
      <Filter>Core</Filter>
    </ClCompile>
    <ClCompile Include="Core\Math\Coordinate.cpp">
      <Filter>Core\Math</Filter>
    </ClCompile>
    <ClCompile Include="Core\Math\Rectangle.cpp">
      <Filter>Core\Math</Filter>
    </ClCompile>
    <ClCompile Include="Core\Math\Random.cpp">
      <Filter>Core\Math</Filter>
    </ClCompile>
    <ClCompile Include="Core\Math\Transformer.cpp">
      <Filter>Core\Math</Filter>
    </ClCompile>
    <ClCompile Include="Core\Screen.cpp">
      <Filter>Core</Filter>
    </ClCompile>
    <ClCompile Include="tinyxml2\tinyxml2.cpp">
      <Filter>tinyxml2</Filter>
    </ClCompile>
    <ClCompile Include="Game\CommandFactory.cpp">
      <Filter>Game</Filter>
    </ClCompile>
    <ClCompile Include="Game\Commands\GameOverCommand.cpp">
      <Filter>Game\Commands</Filter>
    </ClCompile>
    <ClCompile Include="Game\Console.cpp">
      <Filter>Game</Filter>
    </ClCompile>
    <ClCompile Include="Game\Console\Token.cpp">
      <Filter>Game\Console</Filter>
    </ClCompile>
    <ClCompile Include="Game\Console\TokenFactory.cpp">
      <Filter>Game\Console</Filter>
    </ClCompile>
    <ClCompile Include="Game\Console\Parser.cpp">
      <Filter>Game\Console</Filter>
    </ClCompile>
    <ClCompile Include="Game\Console\First.cpp">
      <Filter>Game\Console</Filter>
    </ClCompile>
    <ClCompile Include="Core\Timer.cpp">
      <Filter>Core</Filter>
    </ClCompile>
    <ClCompile Include="Game\Map\TileMap.cpp">
      <Filter>Game\Map</Filter>
    </ClCompile>
    <ClCompile Include="Game\Elements\Player.cpp">
      <Filter>Game\Elements</Filter>
    </ClCompile>
    <ClCompile Include="Game\Elements\Item.cpp">
      <Filter>Game\Elements</Filter>
    </ClCompile>
    <ClCompile Include="Game\Elements\Enemy.cpp">
      <Filter>Game\Elements</Filter>
    </ClCompile>
    <ClCompile Include="Game\Elements\Bomb.cpp">
      <Filter>Game\Elements</Filter>
    </ClCompile>
    <ClCompile Include="Game\Elements\Explosion.cpp">
      <Filter>Game\Elements</Filter>
    </ClCompile>
    <ClCompile Include="Core\Texture.cpp">
      <Filter>Core</Filter>
    </ClCompile>
    <ClCompile Include="Core\Color.cpp">
      <Filter>Core</Filter>
    </ClCompile>
    <ClCompile Include="Core\Font.cpp">
      <Filter>Core</Filter>
    </ClCompile>
    <ClCompile Include="Game\Layers\ConsoleLayer.cpp">
      <Filter>Game\Layers</Filter>
    </ClCompile>
    <ClCompile Include="Game\Signal.cpp">
      <Filter>Game</Filter>
    </ClCompile>
    <ClCompile Include="Game\EventListeners\ConsoleEvents.cpp">
      <Filter>Game\EventListeners</Filter>
    </ClCompile>
    <ClCompile Include="Game\EventListeners\PlayerEvents.cpp">
      <Filter>Game\EventListeners</Filter>
    </ClCompile>
    <ClCompile Include="Game\Map\TxtTileMapLoader.cpp">
      <Filter>Game\Map</Filter>
    </ClCompile>
    <ClCompile Include="Game\Map\DummyTileMapBuilder.cpp">
      <Filter>Game\Map</Filter>
    </ClCompile>
    <ClCompile Include="Game\MapSetter.cpp">
      <Filter>Game</Filter>
    </ClCompile>
    <ClCompile Include="Game\Layers\GameLayer.cpp">
      <Filter>Game\Layers</Filter>
    </ClCompile>
    <ClCompile Include="Game\Layers\HudLayer.cpp">
      <Filter>Game\Layers</Filter>
    </ClCompile>
    <ClCompile Include="Game\Map\XmlTileMapLoader.cpp">
      <Filter>Game\Map</Filter>
    </ClCompile>
    <ClCompile Include="Game\Commands\PlayerCommand.cpp">
      <Filter>Game</Filter>
    </ClCompile>
    <ClCompile Include="Game\Elements\AIEvnts.cpp">
      <Filter>Game\EventListeners</Filter>
    </ClCompile>
  </ItemGroup>
  <ItemGroup>
    <ClInclude Include="Core\Engine.h">
      <Filter>Core</Filter>
    </ClInclude>
    <ClInclude Include="Core\Log\Log.h">
      <Filter>Core\Log</Filter>
    </ClInclude>
    <ClInclude Include="Core\Log\LogLevel.h">
      <Filter>Core\Log</Filter>
    </ClInclude>
    <ClInclude Include="Core\Utils\Exception.h">
      <Filter>Core\Utils</Filter>
    </ClInclude>
    <ClInclude Include="Core\Utils\Singleton.h">
      <Filter>Core\Utils</Filter>
    </ClInclude>
    <ClInclude Include="Core\Log\Logger.h">
      <Filter>Core\Log</Filter>
    </ClInclude>
    <ClInclude Include="Game\Constants.h">
      <Filter>Game</Filter>
    </ClInclude>
    <ClInclude Include="Core\Utils\OperatingSystem.h">
      <Filter>Core\Utils</Filter>
    </ClInclude>
    <ClInclude Include="Game\Configuration.h">
      <Filter>Game</Filter>
    </ClInclude>
    <ClInclude Include="Core\Log\LoggerFactory.h">
      <Filter>Core\Log</Filter>
    </ClInclude>
    <ClInclude Include="Core\Utils\StringUtils.h">
      <Filter>Core\Utils</Filter>
    </ClInclude>
    <ClInclude Include="Core\CommandQueue.h">
      <Filter>Core</Filter>
    </ClInclude>
    <ClInclude Include="Core\Updatable.h">
      <Filter>Core</Filter>
    </ClInclude>
    <ClInclude Include="Core\ScreenComponent.h">
      <Filter>Core</Filter>
    </ClInclude>
    <ClInclude Include="Core\Command.h">
      <Filter>Core</Filter>
    </ClInclude>
    <ClInclude Include="Core\EventListener.h">
      <Filter>Core</Filter>
    </ClInclude>
    <ClInclude Include="Core\LoopQuiter.h">
      <Filter>Core</Filter>
    </ClInclude>
    <ClInclude Include="Core\Math\Rectangle.h">
      <Filter>Core\Math</Filter>
    </ClInclude>
    <ClInclude Include="Core\Math\Coordinate.h">
      <Filter>Core\Math</Filter>
    </ClInclude>
    <ClInclude Include="Core\Math\Matrix.h">
      <Filter>Core\Math</Filter>
    </ClInclude>
    <ClInclude Include="Core\Math\Random.h">
      <Filter>Core\Math</Filter>
    </ClInclude>
    <ClInclude Include="Core\Math\Transformer.h">
      <Filter>Core\Math</Filter>
    </ClInclude>
    <ClInclude Include="Core\SignalSender.h">
      <Filter>Core</Filter>
    </ClInclude>
    <ClInclude Include="Core\ScreenManager.h">
      <Filter>Core</Filter>
    </ClInclude>
    <ClInclude Include="Core\Drawable.h">
      <Filter>Core</Filter>
    </ClInclude>
    <ClInclude Include="Core\SignalHandler.h">
      <Filter>Core</Filter>
    </ClInclude>
    <ClInclude Include="tinyxml2\tinyxml2.h">
      <Filter>tinyxml2</Filter>
    </ClInclude>
    <ClInclude Include="Game\CommandFactory.h">
      <Filter>Game</Filter>
    </ClInclude>
    <ClInclude Include="Game\Commands\QuitCommand.h">
      <Filter>Game\Commands</Filter>
    </ClInclude>
    <ClInclude Include="Game\Commands\GameOverCommand.h">
      <Filter>Game\Commands</Filter>
    </ClInclude>
    <ClInclude Include="Game\Console.h">
      <Filter>Game</Filter>
    </ClInclude>
    <ClInclude Include="Game\Console\Parser.h">
      <Filter>Game\Console</Filter>
    </ClInclude>
    <ClInclude Include="Game\Console\TokenFactory.h">
      <Filter>Game\Console</Filter>
    </ClInclude>
    <ClInclude Include="Game\Console\Token.h">
      <Filter>Game\Console</Filter>
    </ClInclude>
    <ClInclude Include="Game\Console\First.h">
      <Filter>Game\Console</Filter>
    </ClInclude>
    <ClInclude Include="Core\Utils\Pointer.h">
      <Filter>Core\Utils</Filter>
    </ClInclude>
    <ClInclude Include="Core\Timer.h">
      <Filter>Core</Filter>
    </ClInclude>
    <ClInclude Include="Core\Utils\VectorUtils.h">
      <Filter>Core\Utils</Filter>
    </ClInclude>
    <ClInclude Include="Game\Map\TileMapBuilder.h">
      <Filter>Game\Map</Filter>
    </ClInclude>
    <ClInclude Include="Game\Elements\Player.h">
      <Filter>Game\Elements</Filter>
    </ClInclude>
    <ClInclude Include="Game\Elements\Item.h">
      <Filter>Game\Elements</Filter>
    </ClInclude>
    <ClInclude Include="Game\Elements\Enemy.h">
      <Filter>Game\Elements</Filter>
    </ClInclude>
    <ClInclude Include="Game\Elements\Bomb.h">
      <Filter>Game\Elements</Filter>
    </ClInclude>
    <ClInclude Include="Game\Elements\Brick.h">
      <Filter>Game\Elements</Filter>
    </ClInclude>
    <ClInclude Include="Game\Elements\Explosion.h">
      <Filter>Game\Elements</Filter>
    </ClInclude>
    <ClInclude Include="Game\Commands\PlayerCommand.h">
      <Filter>Game\Commands</Filter>
    </ClInclude>
    <ClInclude Include="Core\Screen.h">
      <Filter>Core</Filter>
    </ClInclude>
    <ClInclude Include="Core\MainLoop.h">
      <Filter>Core</Filter>
    </ClInclude>
    <ClInclude Include="Game\Signal.h">
      <Filter>Game</Filter>
    </ClInclude>
    <ClInclude Include="Game\Layers\ConsoleLayer.h">
      <Filter>Game\Layers</Filter>
    </ClInclude>
    <ClInclude Include="Core\Texture.h">
      <Filter>Core</Filter>
    </ClInclude>
    <ClInclude Include="Core\Color.h">
      <Filter>Core</Filter>
    </ClInclude>
    <ClInclude Include="Core\Font.h">
      <Filter>Core</Filter>
    </ClInclude>
    <ClInclude Include="Game\EventListeners\ConsoleEvents.h">
      <Filter>Game\EventListeners</Filter>
    </ClInclude>
    <ClInclude Include="Game\EventListeners\PlayerEvents.h">
      <Filter>Game\EventListeners</Filter>
    </ClInclude>
    <ClInclude Include="Game\InGameCommandQueue.h">
      <Filter>Game</Filter>
    </ClInclude>
    <ClInclude Include="Game\Map\TxtTileMapLoader.h">
      <Filter>Game\Map</Filter>
    </ClInclude>
    <ClInclude Include="Game\Map\DummyTileMapBuilder.h">
      <Filter>Game\Map</Filter>
    </ClInclude>
    <ClInclude Include="Game\MapSetter.h">
      <Filter>Game</Filter>
    </ClInclude>
    <ClInclude Include="Game\Layers\GameLayer.h">
      <Filter>Game\Layers</Filter>
    </ClInclude>
    <ClInclude Include="Game\Layers\HudLayer.h">
      <Filter>Game\Layers</Filter>
    </ClInclude>
    <ClInclude Include="Game\Map\XmlTileMapLoader.h">
      <Filter>Game\Map</Filter>
    </ClInclude>
    <ClInclude Include="Game\Map\TileMap.h">
      <Filter>Game\Map</Filter>
    </ClInclude>
    <ClInclude Include="Game\Elements\AIEvents.h">
      <Filter>Game\EventListeners</Filter>
    </ClInclude>
  </ItemGroup>
</Project>