<?xml version="1.0" encoding="utf-8"?>
<Project ToolsVersion="4.0" xmlns="http://schemas.microsoft.com/developer/msbuild/2003">
  <ItemGroup>
    <Filter Include="Resource Files">
      <UniqueIdentifier>{67DA6AB6-F800-4c08-8B7A-83BB121AAD01}</UniqueIdentifier>
      <Extensions>rc;ico;cur;bmp;dlg;rc2;rct;bin;rgs;gif;jpg;jpeg;jpe;resx;tiff;tif;png;wav;mfcribbon-ms</Extensions>
    </Filter>
    <Filter Include="Game">
      <UniqueIdentifier>{c46f2184-401c-48ff-a75e-3ccc6cfcf3b5}</UniqueIdentifier>
    </Filter>
    <Filter Include="Core">
      <UniqueIdentifier>{54824b64-ab49-4987-83c7-769e2d6882c8}</UniqueIdentifier>
    </Filter>
    <Filter Include="Core\Log">
      <UniqueIdentifier>{fb10a2c5-6f8a-488f-961e-a308c8f940b8}</UniqueIdentifier>
    </Filter>
    <Filter Include="Core\Utils">
      <UniqueIdentifier>{03c9c5f5-67d7-48da-ae2b-341d3e5e0c62}</UniqueIdentifier>
    </Filter>
    <Filter Include="tinyxml2">
      <UniqueIdentifier>{10f71bef-9e35-40f0-8fb6-dfdaff88d525}</UniqueIdentifier>
    </Filter>
    <Filter Include="Core\Math">
      <UniqueIdentifier>{b79daf02-9137-442d-8191-ee971e5f3185}</UniqueIdentifier>
    </Filter>
  </ItemGroup>
  <ItemGroup>
    <ClCompile Include="Game\main.cpp">
      <Filter>Game</Filter>
    </ClCompile>
    <ClCompile Include="Core\Engine.cpp">
      <Filter>Core</Filter>
    </ClCompile>
    <ClCompile Include="Core\Log\LogLevel.cpp">
      <Filter>Core\Log</Filter>
    </ClCompile>
    <ClCompile Include="Core\Log\Log.cpp">
      <Filter>Core\Log</Filter>
    </ClCompile>
    <ClCompile Include="Core\Utils\OperatingSystem.cpp">
      <Filter>Core\Utils</Filter>
    </ClCompile>
    <ClCompile Include="Game\Configuration.cpp">
      <Filter>Game</Filter>
    </ClCompile>
    <ClCompile Include="Core\Log\LoggerFactory.cpp">
      <Filter>Core\Log</Filter>
    </ClCompile>
    <ClCompile Include="Core\Utils\StringUtils.cpp">
      <Filter>Core\Utils</Filter>
    </ClCompile>
    <ClCompile Include="Core\MainLoop.cpp">
      <Filter>Core</Filter>
    </ClCompile>
    <ClCompile Include="Core\ScreenComponent.cpp">
      <Filter>Core</Filter>
    </ClCompile>
    <ClCompile Include="Core\CommandQueue.cpp">
      <Filter>Core</Filter>
    </ClCompile>
    <ClCompile Include="Core\Math\Coordinate.cpp">
      <Filter>Core\Math</Filter>
    </ClCompile>
    <ClCompile Include="Core\Math\Rectangle.cpp">
      <Filter>Core\Math</Filter>
    </ClCompile>
    <ClCompile Include="Core\Math\Random.cpp">
      <Filter>Core\Math</Filter>
    </ClCompile>
    <ClCompile Include="Core\Math\Transformer.cpp">
      <Filter>Core\Math</Filter>
    </ClCompile>
    <ClCompile Include="Core\Screen.cpp">
      <Filter>Core</Filter>
    </ClCompile>
    <ClCompile Include="tinyxml2\tinyxml2.cpp">
      <Filter>tinyxml2</Filter>
    </ClCompile>
  </ItemGroup>
  <ItemGroup>
    <ClInclude Include="Core\Engine.h">
      <Filter>Core</Filter>
    </ClInclude>
    <ClInclude Include="Core\Log\Log.h">
      <Filter>Core\Log</Filter>
    </ClInclude>
    <ClInclude Include="Core\Log\LogLevel.h">
      <Filter>Core\Log</Filter>
    </ClInclude>
    <ClInclude Include="Core\Utils\Exception.h">
      <Filter>Core\Utils</Filter>
    </ClInclude>
    <ClInclude Include="Core\Utils\Singleton.h">
      <Filter>Core\Utils</Filter>
    </ClInclude>
    <ClInclude Include="Core\Log\Logger.h">
      <Filter>Core\Log</Filter>
    </ClInclude>
    <ClInclude Include="Game\Constants.h">
      <Filter>Game</Filter>
    </ClInclude>
    <ClInclude Include="Core\Utils\OperatingSystem.h">
      <Filter>Core\Utils</Filter>
    </ClInclude>
    <ClInclude Include="Game\Configuration.h">
      <Filter>Game</Filter>
    </ClInclude>
    <ClInclude Include="Core\Log\LoggerFactory.h">
      <Filter>Core\Log</Filter>
    </ClInclude>
    <ClInclude Include="Core\Utils\StringUtils.h">
      <Filter>Core\Utils</Filter>
    </ClInclude>
    <ClInclude Include="Core\MainLoop.h">
      <Filter>Core</Filter>
    </ClInclude>
    <ClInclude Include="Core\CommandQueue.h">
      <Filter>Core</Filter>
    </ClInclude>
    <ClInclude Include="Core\Updatable.h">
      <Filter>Core</Filter>
    </ClInclude>
    <ClInclude Include="Core\ScreenComponent.h">
      <Filter>Core</Filter>
    </ClInclude>
    <ClInclude Include="Core\Command.h">
      <Filter>Core</Filter>
    </ClInclude>
    <ClInclude Include="Core\EventListener.h">
      <Filter>Core</Filter>
    </ClInclude>
    <ClInclude Include="Core\LoopQuiter.h">
      <Filter>Core</Filter>
    </ClInclude>
    <ClInclude Include="Core\Screen.h">
      <Filter>Core</Filter>
    </ClInclude>
    <ClInclude Include="Core\Math\Rectangle.h">
      <Filter>Core\Math</Filter>
    </ClInclude>
    <ClInclude Include="Core\Math\Coordinate.h">
      <Filter>Core\Math</Filter>
    </ClInclude>
    <ClInclude Include="Core\Math\Matrix.h">
      <Filter>Core\Math</Filter>
    </ClInclude>
    <ClInclude Include="Core\Math\Random.h">
      <Filter>Core\Math</Filter>
    </ClInclude>
    <ClInclude Include="Core\Math\Transformer.h">
      <Filter>Core\Math</Filter>
    </ClInclude>
    <ClInclude Include="Core\SignalSender.h">
      <Filter>Core</Filter>
    </ClInclude>
    <ClInclude Include="Core\ScreenManager.h">
      <Filter>Core</Filter>
    </ClInclude>
    <ClInclude Include="Core\Drawable.h">
      <Filter>Core</Filter>
    </ClInclude>
    <ClInclude Include="Core\SignalHandler.h">
      <Filter>Core</Filter>
    </ClInclude>
    <ClInclude Include="tinyxml2\tinyxml2.h">
      <Filter>tinyxml2</Filter>
    </ClInclude>
  </ItemGroup>
</Project>